
Microsoft Visual Studio Solution File, Format Version 12.00
Project("{FAE04EC0-301F-11D3-BF4B-00C04F79EFBC}") = "przykladowy_kolos", "przykladowy_kolos.csproj", "{16EBB659-0678-4C33-9705-47B18275E5F7}"
EndProject
Global
	GlobalSection(SolutionConfigurationPlatforms) = preSolution
		Debug|Any CPU = Debug|Any CPU
		Release|Any CPU = Release|Any CPU
	EndGlobalSection
	GlobalSection(ProjectConfigurationPlatforms) = postSolution
		{16EBB659-0678-4C33-9705-47B18275E5F7}.Debug|Any CPU.ActiveCfg = Debug|Any CPU
		{16EBB659-0678-4C33-9705-47B18275E5F7}.Debug|Any CPU.Build.0 = Debug|Any CPU
		{16EBB659-0678-4C33-9705-47B18275E5F7}.Release|Any CPU.ActiveCfg = Release|Any CPU
		{16EBB659-0678-4C33-9705-47B18275E5F7}.Release|Any CPU.Build.0 = Release|Any CPU
	EndGlobalSection
EndGlobal
